
Microsoft Visual Studio Solution File, Format Version 10.00
# Visual Studio 2008
# SharpDevelop 4.0.0.5949
Project("{FAE04EC0-301F-11D3-BF4B-00C04F79EFBC}") = "Flip.Utils", "Flip.Utils\Flip.Utils.csproj", "{DA0F7D30-A224-4957-B80B-7F2700D50C54}"
EndProject
Project("{FAE04EC0-301F-11D3-BF4B-00C04F79EFBC}") = "Flip.NeverwinterNightsTwo.Plugin", "Flip.NeverwinterNightsTwo.Plugin\Flip.NeverwinterNightsTwo.Plugin.csproj", "{7FBBABEB-7227-4B42-8EBD-309EDFC82687}"
EndProject
Project("{FAE04EC0-301F-11D3-BF4B-00C04F79EFBC}") = "Flip.UI", "Flip.UI\Flip.UI.csproj", "{94E070E4-6AB4-4E83-9E14-B230F9A71A0C}"
EndProject
Project("{FAE04EC0-301F-11D3-BF4B-00C04F79EFBC}") = "Flip.NeverwinterNightsTwo.Utils", "Flip.NeverwinterNightsTwo.Utils\Flip.NeverwinterNightsTwo.Utils.csproj", "{C6ADDA1C-09F3-4149-99C7-56495FC9C1B2}"
EndProject
Project("{FAE04EC0-301F-11D3-BF4B-00C04F79EFBC}") = "Flip.UI.Generic", "Flip.UI.Generic\Flip.UI.Generic.csproj", "{F1E974DF-347D-4456-BCE9-082B9A632B98}"
EndProject
Project("{FAE04EC0-301F-11D3-BF4B-00C04F79EFBC}") = "Flip.NeverwinterNightsTwo.Images", "Flip.NeverwinterNightsTwo.Images\Flip.NeverwinterNightsTwo.Images.csproj", "{EEA81743-C6D1-44C8-A808-AC00DC6347B0}"
EndProject
Global
	GlobalSection(SolutionConfigurationPlatforms) = preSolution
		Debug|Any CPU = Debug|Any CPU
		Release|Any CPU = Release|Any CPU
	EndGlobalSection
	GlobalSection(ProjectConfigurationPlatforms) = postSolution
		{DA0F7D30-A224-4957-B80B-7F2700D50C54}.Debug|Any CPU.Build.0 = Debug|Any CPU
		{DA0F7D30-A224-4957-B80B-7F2700D50C54}.Debug|Any CPU.ActiveCfg = Debug|Any CPU
		{DA0F7D30-A224-4957-B80B-7F2700D50C54}.Release|Any CPU.Build.0 = Release|Any CPU
		{DA0F7D30-A224-4957-B80B-7F2700D50C54}.Release|Any CPU.ActiveCfg = Release|Any CPU
		{7FBBABEB-7227-4B42-8EBD-309EDFC82687}.Debug|Any CPU.Build.0 = Debug|Any CPU
		{7FBBABEB-7227-4B42-8EBD-309EDFC82687}.Debug|Any CPU.ActiveCfg = Debug|Any CPU
		{7FBBABEB-7227-4B42-8EBD-309EDFC82687}.Release|Any CPU.Build.0 = Release|Any CPU
		{7FBBABEB-7227-4B42-8EBD-309EDFC82687}.Release|Any CPU.ActiveCfg = Release|Any CPU
		{94E070E4-6AB4-4E83-9E14-B230F9A71A0C}.Debug|Any CPU.Build.0 = Debug|Any CPU
		{94E070E4-6AB4-4E83-9E14-B230F9A71A0C}.Debug|Any CPU.ActiveCfg = Debug|Any CPU
		{94E070E4-6AB4-4E83-9E14-B230F9A71A0C}.Release|Any CPU.Build.0 = Release|Any CPU
		{94E070E4-6AB4-4E83-9E14-B230F9A71A0C}.Release|Any CPU.ActiveCfg = Release|Any CPU
		{C6ADDA1C-09F3-4149-99C7-56495FC9C1B2}.Debug|Any CPU.Build.0 = Debug|Any CPU
		{C6ADDA1C-09F3-4149-99C7-56495FC9C1B2}.Debug|Any CPU.ActiveCfg = Debug|Any CPU
		{C6ADDA1C-09F3-4149-99C7-56495FC9C1B2}.Release|Any CPU.Build.0 = Release|Any CPU
		{C6ADDA1C-09F3-4149-99C7-56495FC9C1B2}.Release|Any CPU.ActiveCfg = Release|Any CPU
		{F1E974DF-347D-4456-BCE9-082B9A632B98}.Debug|Any CPU.Build.0 = Debug|Any CPU
		{F1E974DF-347D-4456-BCE9-082B9A632B98}.Debug|Any CPU.ActiveCfg = Debug|Any CPU
		{F1E974DF-347D-4456-BCE9-082B9A632B98}.Release|Any CPU.Build.0 = Release|Any CPU
		{F1E974DF-347D-4456-BCE9-082B9A632B98}.Release|Any CPU.ActiveCfg = Release|Any CPU
		{EEA81743-C6D1-44C8-A808-AC00DC6347B0}.Debug|Any CPU.Build.0 = Debug|Any CPU
		{EEA81743-C6D1-44C8-A808-AC00DC6347B0}.Debug|Any CPU.ActiveCfg = Debug|Any CPU
		{EEA81743-C6D1-44C8-A808-AC00DC6347B0}.Release|Any CPU.Build.0 = Release|Any CPU
		{EEA81743-C6D1-44C8-A808-AC00DC6347B0}.Release|Any CPU.ActiveCfg = Release|Any CPU
	EndGlobalSection
EndGlobal
